
Microsoft Visual Studio Solution File, Format Version 12.00
# Visual Studio Version 17
VisualStudioVersion = 17.13.35913.81 d17.13
MinimumVisualStudioVersion = 10.0.40219.1
Project("{FAE04EC0-301F-11D3-BF4B-00C04F79EFBC}") = "Web.Api", "Web.Api\Web.Api.csproj", "{B7658762-2969-4592-9A4C-267014E12889}"
EndProject
Global
	GlobalSection(SolutionConfigurationPlatforms) = preSolution
		Debug|Any CPU = Debug|Any CPU
		Release|Any CPU = Release|Any CPU
	EndGlobalSection
	GlobalSection(ProjectConfigurationPlatforms) = postSolution
		{B7658762-2969-4592-9A4C-267014E12889}.Debug|Any CPU.ActiveCfg = Debug|Any CPU
		{B7658762-2969-4592-9A4C-267014E12889}.Debug|Any CPU.Build.0 = Debug|Any CPU
		{B7658762-2969-4592-9A4C-267014E12889}.Release|Any CPU.ActiveCfg = Release|Any CPU
		{B7658762-2969-4592-9A4C-267014E12889}.Release|Any CPU.Build.0 = Release|Any CPU
	EndGlobalSection
	GlobalSection(SolutionProperties) = preSolution
		HideSolutionNode = FALSE
	EndGlobalSection
	GlobalSection(ExtensibilityGlobals) = postSolution
		SolutionGuid = {1996F452-CC26-40A7-B8AA-B381C1582F74}
	EndGlobalSection
EndGlobal
